<Solution>
  <Folder Name="/Solution Items/">
    <File Path="data/sample-seed-data.json" />
    <File Path="README.md" />
  </Folder>
  <Project Path="src/MCPRegistry/MCPRegistry.csproj" />
  <Project Path="src/MCPRegistryDatabase/MCPRegistryDatabase.sqlproj" Id="1d65a068-8c9c-4c77-a6dc-0dfeb32d1b00">
    <Build />
    <Deploy />
  </Project>
</Solution>
